{"projectHash":"70057dbd7424524e499c1a4fe291cda56b7bc268","productModuleName":"MockAppTests","mockedTypeNames":["\/Users\/egorskikh\/Desktop\/MockApp\/MockAppTests\/MockAppTests.swift",["Birdble"]],"cliVersion":"0.18.1","configHash":"c71fdbd87903ed8ea56c1d8364fd90ce3534edcc","sourceRoot":"\/Users\/egorskikh\/Desktop\/MockApp","sourceFilePaths":[{"path":"\/Users\/egorskikh\/Desktop\/MockApp\/MockAppTests\/MockAppTests.swift","hash":"772145619af1fbd1ddf26d9684aa48a185b0cc8e"},{"path":"\/Users\/egorskikh\/Desktop\/MockApp\/MockingbirdMocks\/MockAppTests-MockAppMocks.generated.swift","hash":"47d525d32a5ef967ea609784c56aa0e64653d2c1"}],"dependencies":[],"name":"MockAppTests"}