{"projectHash":"a14e4ef576cb66b5e1d41f6897995475ca180470","productModuleName":"MockAppTests","mockedTypeNames":["\/Users\/egorskikh\/Desktop\/MockApp\/MockAppTests\/MockAppTests.swift",["Birdble"],"\/Users\/egorskikh\/Desktop\/MockApp\/MockAppTests\/NetworkingTests.swift",["Networkable"]],"cliVersion":"0.18.1","configHash":"c71fdbd87903ed8ea56c1d8364fd90ce3534edcc","sourceRoot":"\/Users\/egorskikh\/Desktop\/MockApp","sourceFilePaths":[{"path":"\/Users\/egorskikh\/Desktop\/MockApp\/MockAppTests\/MockAppTests.swift","hash":"cb69d1ab498a0b8dc5d65c32f4ad935012ff2e93"},{"path":"\/Users\/egorskikh\/Desktop\/MockApp\/MockAppTests\/NetworkingTests.swift","hash":"60dbf4dd319e8673b4309c025cad41eeedf0a5ab"},{"path":"\/Users\/egorskikh\/Desktop\/MockApp\/MockingbirdMocks\/MockAppTests-MockAppMocks.generated.swift","hash":"c2f284b879e0bbc8b2f96ecbd884f40d32fef42c"}],"dependencies":[],"name":"MockAppTests"}